<?xml version="1.0" encoding="utf-8"?>
<Project ToolsVersion="4.0" xmlns="http://schemas.microsoft.com/developer/msbuild/2003">
  <ItemGroup>
    <Filter Include="Source Files">
      <UniqueIdentifier>{4FC737F1-C7A5-4376-A066-2A32D752A2FF}</UniqueIdentifier>
      <Extensions>cpp;c;cc;cxx;c++;cppm;ixx;def;odl;idl;hpj;bat;asm;asmx</Extensions>
    </Filter>
    <Filter Include="Header Files">
      <UniqueIdentifier>{93995380-89BD-4b04-88EB-625FBE52EBFB}</UniqueIdentifier>
      <Extensions>h;hh;hpp;hxx;h++;hm;inl;inc;ipp;xsd</Extensions>
    </Filter>
    <Filter Include="Resource Files">
      <UniqueIdentifier>{67DA6AB6-F800-4c08-8B7A-83BB121AAD01}</UniqueIdentifier>
      <Extensions>rc;ico;cur;bmp;dlg;rc2;rct;bin;rgs;gif;jpg;jpeg;jpe;resx;tiff;tif;png;wav;mfcribbon-ms</Extensions>
    </Filter>
  </ItemGroup>
  <ItemGroup>
    <ClCompile Include="src\Main.c">
      <Filter>Source Files</Filter>
    </ClCompile>
  </ItemGroup>
  <ItemGroup>
    <ClInclude Include="src\includes\Utils.h">
      <Filter>Header Files</Filter>
    </ClInclude>
    <ClInclude Include="src\includes\GameEngine.h">
      <Filter>Header Files</Filter>
    </ClInclude>
    <ClInclude Include="src\includes\Game.h">
      <Filter>Header Files</Filter>
    </ClInclude>
    <ClInclude Include="src\includes\ConsoleGl.h">
      <Filter>Header Files</Filter>
    </ClInclude>
    <ClInclude Include="src\includes\Utils\Compat.h">
      <Filter>Header Files</Filter>
    </ClInclude>
    <ClInclude Include="src\includes\Utils\Debug.h">
      <Filter>Header Files</Filter>
    </ClInclude>
    <ClInclude Include="src\includes\Utils\FileHandler.h">
      <Filter>Header Files</Filter>
    </ClInclude>
    <ClInclude Include="src\includes\Utils\MathStrUtils.h">
      <Filter>Header Files</Filter>
    </ClInclude>
    <ClInclude Include="src\includes\Utils\NumUtils.h">
      <Filter>Header Files</Filter>
    </ClInclude>
    <ClInclude Include="src\includes\Utils\SafeTypes.h">
      <Filter>Header Files</Filter>
    </ClInclude>
    <ClInclude Include="src\includes\Utils\StringUtils.h">
      <Filter>Header Files</Filter>
    </ClInclude>
    <ClInclude Include="src\includes\Utils\TopLevelCompat.h">
      <Filter>Header Files</Filter>
    </ClInclude>
    <ClInclude Include="src\includes\Utils\Numbers\Degrees.h">
      <Filter>Header Files</Filter>
    </ClInclude>
    <ClInclude Include="src\includes\Utils\Debug\MemoryDebug.h">
      <Filter>Header Files</Filter>
    </ClInclude>
    <ClInclude Include="src\includes\Utils\Debug\Memory\AllocationTracking.h">
      <Filter>Header Files</Filter>
    </ClInclude>
    <ClInclude Include="src\includes\Utils\Compat\StdlibInc.h">
      <Filter>Header Files</Filter>
    </ClInclude>
    <ClInclude Include="src\includes\Utils\Compat\SDLInc.h">
      <Filter>Header Files</Filter>
    </ClInclude>
    <ClInclude Include="src\includes\Utils\Compat\CompatInc.h">
      <Filter>Header Files</Filter>
    </ClInclude>
    <ClInclude Include="src\includes\Utils\Compat\Common.h">
      <Filter>Header Files</Filter>
    </ClInclude>
    <ClInclude Include="src\includes\Utils\Compat\AllocCompat.h">
      <Filter>Header Files</Filter>
    </ClInclude>
    <ClInclude Include="src\includes\Utils\Compat\Windows\IO.h">
      <Filter>Header Files</Filter>
    </ClInclude>
    <ClInclude Include="src\includes\Utils\Compat\Windows\InputConfig\TerminalSetup.h">
      <Filter>Header Files</Filter>
    </ClInclude>
    <ClInclude Include="src\includes\Utils\Compat\Linux\IO.h">
      <Filter>Header Files</Filter>
    </ClInclude>
    <ClInclude Include="src\includes\Utils\Compat\Linux\InputConfig\TerminalSetup.h">
      <Filter>Header Files</Filter>
    </ClInclude>
    <ClInclude Include="src\includes\Utils\Compat\CompatCommon\ThreadCommon.h">
      <Filter>Header Files</Filter>
    </ClInclude>
    <ClInclude Include="src\includes\Utils\Compat\CompatCommon\NetworkCommon.h">
      <Filter>Header Files</Filter>
    </ClInclude>
    <ClInclude Include="src\includes\Game\GameLoop.h">
      <Filter>Header Files</Filter>
    </ClInclude>
    <ClInclude Include="src\includes\Game\Settings.h">
      <Filter>Header Files</Filter>
    </ClInclude>
    <ClInclude Include="src\includes\Engine\World.h">
      <Filter>Header Files</Filter>
    </ClInclude>
    <ClInclude Include="src\includes\Engine\Threading.h">
      <Filter>Header Files</Filter>
    </ClInclude>
    <ClInclude Include="src\includes\Engine\Networking.h">
      <Filter>Header Files</Filter>
    </ClInclude>
    <ClInclude Include="src\includes\Engine\Interface.h">
      <Filter>Header Files</Filter>
    </ClInclude>
    <ClInclude Include="src\includes\Engine\Audio.h">
      <Filter>Header Files</Filter>
    </ClInclude>
    <ClInclude Include="src\includes\Engine\World\Structures.h">
      <Filter>Header Files</Filter>
    </ClInclude>
    <ClInclude Include="src\includes\Engine\World\Render.h">
      <Filter>Header Files</Filter>
    </ClInclude>
    <ClInclude Include="src\includes\Engine\World\Position.h">
      <Filter>Header Files</Filter>
    </ClInclude>
    <ClInclude Include="src\includes\Engine\World\Physics.h">
      <Filter>Header Files</Filter>
    </ClInclude>
    <ClInclude Include="src\includes\Engine\World\Meshes.h">
      <Filter>Header Files</Filter>
    </ClInclude>
    <ClInclude Include="src\includes\Engine\World\Map.h">
      <Filter>Header Files</Filter>
    </ClInclude>
    <ClInclude Include="src\includes\Engine\World\Entities.h">
      <Filter>Header Files</Filter>
    </ClInclude>
    <ClInclude Include="src\includes\Engine\World\Camera.h">
      <Filter>Header Files</Filter>
    </ClInclude>
    <ClInclude Include="src\includes\Engine\World\Structures\StructureUtils.h">
      <Filter>Header Files</Filter>
    </ClInclude>
    <ClInclude Include="src\includes\Engine\World\Structures\Nodes.h">
      <Filter>Header Files</Filter>
    </ClInclude>
    <ClInclude Include="src\includes\Engine\World\Structures\Nodes\NodeUtils.h">
      <Filter>Header Files</Filter>
    </ClInclude>
    <ClInclude Include="src\includes\Engine\World\Physics\Motion.h">
      <Filter>Header Files</Filter>
    </ClInclude>
    <ClInclude Include="src\includes\Engine\World\Map\MapUtils.h">
      <Filter>Header Files</Filter>
    </ClInclude>
    <ClInclude Include="src\includes\Engine\World\Map\MapPrimitives.h">
      <Filter>Header Files</Filter>
    </ClInclude>
    <ClInclude Include="src\includes\Engine\World\Entities\Sprites.h">
      <Filter>Header Files</Filter>
    </ClInclude>
    <ClInclude Include="src\includes\Engine\Threads\NetworkThread.h">
      <Filter>Header Files</Filter>
    </ClInclude>
    <ClInclude Include="src\includes\Engine\Threads\InputThread.h">
      <Filter>Header Files</Filter>
    </ClInclude>
    <ClInclude Include="src\includes\Engine\Threads\AudioThread.h">
      <Filter>Header Files</Filter>
    </ClInclude>
    <ClInclude Include="src\includes\Engine\Interface\ChatBox.h">
      <Filter>Header Files</Filter>
    </ClInclude>
    <ClInclude Include="src\includes\Engine\Interface\Commands\Commands.h">
      <Filter>Header Files</Filter>
    </ClInclude>
    <ClInclude Include="src\includes\ConsoleGL\Visuals.h">
      <Filter>Header Files</Filter>
    </ClInclude>
    <ClInclude Include="src\includes\ConsoleGL\Primitives.h">
      <Filter>Header Files</Filter>
    </ClInclude>
    <ClInclude Include="src\includes\ConsoleGL\Config.h">
      <Filter>Header Files</Filter>
    </ClInclude>
    <ClInclude Include="src\includes\ConsoleGL\Visuals\Transforms.h">
      <Filter>Header Files</Filter>
    </ClInclude>
    <ClInclude Include="src\includes\ConsoleGL\Visuals\ScreenBuffers.h">
      <Filter>Header Files</Filter>
    </ClInclude>
    <ClInclude Include="src\includes\ConsoleGL\Visuals\Objects.h">
      <Filter>Header Files</Filter>
    </ClInclude>
    <ClInclude Include="src\includes\ConsoleGL\Visuals\VisualUtils\LineUtils.h">
      <Filter>Header Files</Filter>
    </ClInclude>
    <ClInclude Include="src\includes\ConsoleGL\Visuals\VisualUtils\PointUtils.h">
      <Filter>Header Files</Filter>
    </ClInclude>
    <ClInclude Include="src\includes\ConsoleGL\Visuals\VisualUtils\ScreenDrawing.h">
      <Filter>Header Files</Filter>
    </ClInclude>
    <ClInclude Include="src\includes\ConsoleGL\Primitives\VectorUtils.h">
      <Filter>Header Files</Filter>
    </ClInclude>
    <ClInclude Include="src\includes\ConsoleGL\Primitives\AreaUtils.h">
      <Filter>Header Files</Filter>
    </ClInclude>
    <ClInclude Include="src\includes\Game\Window.h">
      <Filter>Header Files</Filter>
    </ClInclude>
    <ClInclude Include="src\includes\Engine\Windowing\WinEvents.h">
      <Filter>Header Files</Filter>
    </ClInclude>
    <ClInclude Include="src\includes\Utils\Compat\CompatCommon\ThreadUtils\ThreadQueue.h">
      <Filter>Header Files</Filter>
    </ClInclude>
    <ClInclude Include="src\includes\Utils\Compat\CompatCommon\ThreadUtils\ThreadPool.h">
      <Filter>Header Files</Filter>
    </ClInclude>
  </ItemGroup>
</Project>